
Microsoft Visual Studio Solution File, Format Version 12.00
# Visual Studio 14
VisualStudioVersion = 14.0.25420.1
MinimumVisualStudioVersion = 10.0.40219.1
Project("{FAE04EC0-301F-11D3-BF4B-00C04F79EFBC}") = "RestDem", "RestDem\RestDem.csproj", "{09D40B88-58D4-437E-B103-F29EE64D0A73}"
EndProject
Project("{FAE04EC0-301F-11D3-BF4B-00C04F79EFBC}") = "Dataconnect", "Dataconnect\Dataconnect.csproj", "{D46C9372-B1CD-457C-956D-AB080306A81B}"
EndProject
Global
	GlobalSection(SolutionConfigurationPlatforms) = preSolution
		Debug|Any CPU = Debug|Any CPU
		Release|Any CPU = Release|Any CPU
	EndGlobalSection
	GlobalSection(ProjectConfigurationPlatforms) = postSolution
		{09D40B88-58D4-437E-B103-F29EE64D0A73}.Debug|Any CPU.ActiveCfg = Debug|Any CPU
		{09D40B88-58D4-437E-B103-F29EE64D0A73}.Debug|Any CPU.Build.0 = Debug|Any CPU
		{09D40B88-58D4-437E-B103-F29EE64D0A73}.Release|Any CPU.ActiveCfg = Release|Any CPU
		{09D40B88-58D4-437E-B103-F29EE64D0A73}.Release|Any CPU.Build.0 = Release|Any CPU
		{D46C9372-B1CD-457C-956D-AB080306A81B}.Debug|Any CPU.ActiveCfg = Debug|Any CPU
		{D46C9372-B1CD-457C-956D-AB080306A81B}.Debug|Any CPU.Build.0 = Debug|Any CPU
		{D46C9372-B1CD-457C-956D-AB080306A81B}.Release|Any CPU.ActiveCfg = Release|Any CPU
		{D46C9372-B1CD-457C-956D-AB080306A81B}.Release|Any CPU.Build.0 = Release|Any CPU
	EndGlobalSection
	GlobalSection(SolutionProperties) = preSolution
		HideSolutionNode = FALSE
	EndGlobalSection
EndGlobal
